
Microsoft Visual Studio Solution File, Format Version 12.00
# Visual Studio Version 16
VisualStudioVersion = 16.0.29728.190
MinimumVisualStudioVersion = 10.0.40219.1
Project("{9A19103F-16F7-4668-BE54-9A1E7A4F7556}") = "Oefening 01", "Oefening 01\Oefening 01.csproj", "{FCDD5D25-E34A-469B-83E9-D08F8A474893}"
EndProject
Project("{9A19103F-16F7-4668-BE54-9A1E7A4F7556}") = "Oefening 02", "Oefening 02\Oefening 02.csproj", "{1CDE1B4D-86F2-48A8-BABE-9C3271DEA15D}"
EndProject
Project("{FAE04EC0-301F-11D3-BF4B-00C04F79EFBC}") = "Oefening 03 Optellen muntstukken", "Oefening 03 Optellen muntstukken\Oefening 03 Optellen muntstukken.csproj", "{35FC702A-C4E6-4D13-9AE2-40B546E7F322}"
EndProject
Global
	GlobalSection(SolutionConfigurationPlatforms) = preSolution
		Debug|Any CPU = Debug|Any CPU
		Release|Any CPU = Release|Any CPU
	EndGlobalSection
	GlobalSection(ProjectConfigurationPlatforms) = postSolution
		{FCDD5D25-E34A-469B-83E9-D08F8A474893}.Debug|Any CPU.ActiveCfg = Debug|Any CPU
		{FCDD5D25-E34A-469B-83E9-D08F8A474893}.Debug|Any CPU.Build.0 = Debug|Any CPU
		{FCDD5D25-E34A-469B-83E9-D08F8A474893}.Release|Any CPU.ActiveCfg = Release|Any CPU
		{FCDD5D25-E34A-469B-83E9-D08F8A474893}.Release|Any CPU.Build.0 = Release|Any CPU
		{1CDE1B4D-86F2-48A8-BABE-9C3271DEA15D}.Debug|Any CPU.ActiveCfg = Debug|Any CPU
		{1CDE1B4D-86F2-48A8-BABE-9C3271DEA15D}.Debug|Any CPU.Build.0 = Debug|Any CPU
		{1CDE1B4D-86F2-48A8-BABE-9C3271DEA15D}.Release|Any CPU.ActiveCfg = Release|Any CPU
		{1CDE1B4D-86F2-48A8-BABE-9C3271DEA15D}.Release|Any CPU.Build.0 = Release|Any CPU
		{35FC702A-C4E6-4D13-9AE2-40B546E7F322}.Debug|Any CPU.ActiveCfg = Debug|Any CPU
		{35FC702A-C4E6-4D13-9AE2-40B546E7F322}.Debug|Any CPU.Build.0 = Debug|Any CPU
		{35FC702A-C4E6-4D13-9AE2-40B546E7F322}.Release|Any CPU.ActiveCfg = Release|Any CPU
		{35FC702A-C4E6-4D13-9AE2-40B546E7F322}.Release|Any CPU.Build.0 = Release|Any CPU
	EndGlobalSection
	GlobalSection(SolutionProperties) = preSolution
		HideSolutionNode = FALSE
	EndGlobalSection
	GlobalSection(ExtensibilityGlobals) = postSolution
		SolutionGuid = {86D56933-129C-4AC9-B408-EE7257A510E3}
	EndGlobalSection
EndGlobal
