
Microsoft Visual Studio Solution File, Format Version 12.00
# Visual Studio Version 16
VisualStudioVersion = 16.0.29728.190
MinimumVisualStudioVersion = 10.0.40219.1
Project("{9A19103F-16F7-4668-BE54-9A1E7A4F7556}") = "Oefening 01", "Oefening 01\Oefening 01.csproj", "{FCDD5D25-E34A-469B-83E9-D08F8A474893}"
EndProject
Project("{9A19103F-16F7-4668-BE54-9A1E7A4F7556}") = "Oefening 02", "Oefening 02\Oefening 02.csproj", "{1CDE1B4D-86F2-48A8-BABE-9C3271DEA15D}"
EndProject
Project("{9A19103F-16F7-4668-BE54-9A1E7A4F7556}") = "Oefening 03 Optellen muntstukken", "Oefening 03 Optellen muntstukken\Oefening 03 Optellen muntstukken.csproj", "{35FC702A-C4E6-4D13-9AE2-40B546E7F322}"
EndProject
Project("{9A19103F-16F7-4668-BE54-9A1E7A4F7556}") = "Oefening 04 Berekenen BMI", "Oefening 04 Berekenen BMI\Oefening 04 Berekenen BMI.csproj", "{CC38D74F-1E26-4CCA-B323-6E9488FED371}"
EndProject
Project("{9A19103F-16F7-4668-BE54-9A1E7A4F7556}") = "Oefening 05 Quotient", "Oefening 5 Quotient\Oefening 05 Quotient.csproj", "{2090F77E-D854-4A3F-B3A1-DC3CD8F3C640}"
EndProject
Project("{9A19103F-16F7-4668-BE54-9A1E7A4F7556}") = "Oefening 06 HelftOfDubbele TryParse", "Oefening 04 HelftOfDubbele TryParse\Oefening 06 HelftOfDubbele TryParse.csproj", "{D23F62F0-C7E1-485A-91C8-D7D2913BD138}"
EndProject
Project("{9A19103F-16F7-4668-BE54-9A1E7A4F7556}") = "Oefening 07 Maandnummer", "Oefening 07 Maandnummer\Oefening 07 Maandnummer.csproj", "{17EFEA17-CAF4-4CB5-88C5-3CE09E14CCA0}"
EndProject
Project("{9A19103F-16F7-4668-BE54-9A1E7A4F7556}") = "Oefening 08 Schrikkeljaar", "Oefening 08 Schrikkeljaar\Oefening 08 Schrikkeljaar.csproj", "{1EC365BC-0C07-4575-B80D-0B11BCD64833}"
EndProject
Project("{9A19103F-16F7-4668-BE54-9A1E7A4F7556}") = "Oefening 09 TwintigTemTien", "Oefening 09 TwintigTemTien\Oefening 09 TwintigTemTien.csproj", "{1687502C-BB25-467A-AD8A-B0CC8824D348}"
EndProject
Project("{9A19103F-16F7-4668-BE54-9A1E7A4F7556}") = "Oefening 10 TafelsVan7", "Oefening 10 TafelsVan7\Oefening 10 TafelsVan7.csproj", "{E781294A-27A8-4FA1-BE15-C6C397FC19B4}"
EndProject
Project("{9A19103F-16F7-4668-BE54-9A1E7A4F7556}") = "Oefening 11 RobuusteInvoerDouble", "Oefening 11 RobuusteInvoerDouble\Oefening 11 RobuusteInvoerDouble.csproj", "{F661AC6D-11E4-4099-8F70-BB812EE06F6E}"
EndProject
Project("{9A19103F-16F7-4668-BE54-9A1E7A4F7556}") = "Oefening 12 RobuusteInvoerDouble", "Oefening 12 RobuusteInvoerDouble\Oefening 12 RobuusteInvoerDouble.csproj", "{26668477-98D2-4B14-AEBF-49A78F6C8EB5}"
EndProject
Project("{FAE04EC0-301F-11D3-BF4B-00C04F79EFBC}") = "Oefening 13 Permutaties", "Oefening 13 Permutaties\Oefening 13 Permutaties.csproj", "{F87811D9-39C0-40F5-9EE6-ED2D959A6080}"
EndProject
Project("{FAE04EC0-301F-11D3-BF4B-00C04F79EFBC}") = "Oefening 14 Fibonacci", "Oefening 14 Fibonacci\Oefening 14 Fibonacci.csproj", "{88D31416-40C2-4D13-80CE-8740879809E0}"
EndProject
Project("{FAE04EC0-301F-11D3-BF4B-00C04F79EFBC}") = "Oefening 15 EvenOneven", "Oefening 15 EvenOneven\Oefening 15 EvenOneven.csproj", "{ED8BC8C5-67C6-4E4A-8E85-B2A0335900EB}"
EndProject
Project("{FAE04EC0-301F-11D3-BF4B-00C04F79EFBC}") = "Oefening 16 ReeksVanKleinNaarGroot", "Oefening 16 ReeksVanKleinNaarGroot\Oefening 16 ReeksVanKleinNaarGroot.csproj", "{CFAEFD85-6C0B-4A48-8DB6-DC489A45D9AE}"
EndProject
Project("{FAE04EC0-301F-11D3-BF4B-00C04F79EFBC}") = "Oefening 17 Tellen", "Oefening 17 Tellen\Oefening 17 Tellen.csproj", "{25412D82-22DE-4B8C-8447-DA5ECA8F06FE}"
EndProject
Project("{FAE04EC0-301F-11D3-BF4B-00C04F79EFBC}") = "Oefening 18 Vierkant", "Oefening 18 Vierkant\Oefening 18 Vierkant.csproj", "{EE570FC2-04B2-44D4-B3F4-BEE0CD4E345E}"
EndProject
Project("{FAE04EC0-301F-11D3-BF4B-00C04F79EFBC}") = "Oefening 19 Driehoek", "Oefening 19 Driehoek\Oefening 19 Driehoek.csproj", "{57A6A639-C4EE-4264-952B-A842E3B0E8FC}"
EndProject
Global
	GlobalSection(SolutionConfigurationPlatforms) = preSolution
		Debug|Any CPU = Debug|Any CPU
		Release|Any CPU = Release|Any CPU
	EndGlobalSection
	GlobalSection(ProjectConfigurationPlatforms) = postSolution
		{FCDD5D25-E34A-469B-83E9-D08F8A474893}.Debug|Any CPU.ActiveCfg = Debug|Any CPU
		{FCDD5D25-E34A-469B-83E9-D08F8A474893}.Debug|Any CPU.Build.0 = Debug|Any CPU
		{FCDD5D25-E34A-469B-83E9-D08F8A474893}.Release|Any CPU.ActiveCfg = Release|Any CPU
		{FCDD5D25-E34A-469B-83E9-D08F8A474893}.Release|Any CPU.Build.0 = Release|Any CPU
		{1CDE1B4D-86F2-48A8-BABE-9C3271DEA15D}.Debug|Any CPU.ActiveCfg = Debug|Any CPU
		{1CDE1B4D-86F2-48A8-BABE-9C3271DEA15D}.Debug|Any CPU.Build.0 = Debug|Any CPU
		{1CDE1B4D-86F2-48A8-BABE-9C3271DEA15D}.Release|Any CPU.ActiveCfg = Release|Any CPU
		{1CDE1B4D-86F2-48A8-BABE-9C3271DEA15D}.Release|Any CPU.Build.0 = Release|Any CPU
		{35FC702A-C4E6-4D13-9AE2-40B546E7F322}.Debug|Any CPU.ActiveCfg = Debug|Any CPU
		{35FC702A-C4E6-4D13-9AE2-40B546E7F322}.Debug|Any CPU.Build.0 = Debug|Any CPU
		{35FC702A-C4E6-4D13-9AE2-40B546E7F322}.Release|Any CPU.ActiveCfg = Release|Any CPU
		{35FC702A-C4E6-4D13-9AE2-40B546E7F322}.Release|Any CPU.Build.0 = Release|Any CPU
		{CC38D74F-1E26-4CCA-B323-6E9488FED371}.Debug|Any CPU.ActiveCfg = Debug|Any CPU
		{CC38D74F-1E26-4CCA-B323-6E9488FED371}.Debug|Any CPU.Build.0 = Debug|Any CPU
		{CC38D74F-1E26-4CCA-B323-6E9488FED371}.Release|Any CPU.ActiveCfg = Release|Any CPU
		{CC38D74F-1E26-4CCA-B323-6E9488FED371}.Release|Any CPU.Build.0 = Release|Any CPU
		{2090F77E-D854-4A3F-B3A1-DC3CD8F3C640}.Debug|Any CPU.ActiveCfg = Debug|Any CPU
		{2090F77E-D854-4A3F-B3A1-DC3CD8F3C640}.Debug|Any CPU.Build.0 = Debug|Any CPU
		{2090F77E-D854-4A3F-B3A1-DC3CD8F3C640}.Release|Any CPU.ActiveCfg = Release|Any CPU
		{2090F77E-D854-4A3F-B3A1-DC3CD8F3C640}.Release|Any CPU.Build.0 = Release|Any CPU
		{D23F62F0-C7E1-485A-91C8-D7D2913BD138}.Debug|Any CPU.ActiveCfg = Debug|Any CPU
		{D23F62F0-C7E1-485A-91C8-D7D2913BD138}.Debug|Any CPU.Build.0 = Debug|Any CPU
		{D23F62F0-C7E1-485A-91C8-D7D2913BD138}.Release|Any CPU.ActiveCfg = Release|Any CPU
		{D23F62F0-C7E1-485A-91C8-D7D2913BD138}.Release|Any CPU.Build.0 = Release|Any CPU
		{17EFEA17-CAF4-4CB5-88C5-3CE09E14CCA0}.Debug|Any CPU.ActiveCfg = Debug|Any CPU
		{17EFEA17-CAF4-4CB5-88C5-3CE09E14CCA0}.Debug|Any CPU.Build.0 = Debug|Any CPU
		{17EFEA17-CAF4-4CB5-88C5-3CE09E14CCA0}.Release|Any CPU.ActiveCfg = Release|Any CPU
		{17EFEA17-CAF4-4CB5-88C5-3CE09E14CCA0}.Release|Any CPU.Build.0 = Release|Any CPU
		{1EC365BC-0C07-4575-B80D-0B11BCD64833}.Debug|Any CPU.ActiveCfg = Debug|Any CPU
		{1EC365BC-0C07-4575-B80D-0B11BCD64833}.Debug|Any CPU.Build.0 = Debug|Any CPU
		{1EC365BC-0C07-4575-B80D-0B11BCD64833}.Release|Any CPU.ActiveCfg = Release|Any CPU
		{1EC365BC-0C07-4575-B80D-0B11BCD64833}.Release|Any CPU.Build.0 = Release|Any CPU
		{1687502C-BB25-467A-AD8A-B0CC8824D348}.Debug|Any CPU.ActiveCfg = Debug|Any CPU
		{1687502C-BB25-467A-AD8A-B0CC8824D348}.Debug|Any CPU.Build.0 = Debug|Any CPU
		{1687502C-BB25-467A-AD8A-B0CC8824D348}.Release|Any CPU.ActiveCfg = Release|Any CPU
		{1687502C-BB25-467A-AD8A-B0CC8824D348}.Release|Any CPU.Build.0 = Release|Any CPU
		{E781294A-27A8-4FA1-BE15-C6C397FC19B4}.Debug|Any CPU.ActiveCfg = Debug|Any CPU
		{E781294A-27A8-4FA1-BE15-C6C397FC19B4}.Debug|Any CPU.Build.0 = Debug|Any CPU
		{E781294A-27A8-4FA1-BE15-C6C397FC19B4}.Release|Any CPU.ActiveCfg = Release|Any CPU
		{E781294A-27A8-4FA1-BE15-C6C397FC19B4}.Release|Any CPU.Build.0 = Release|Any CPU
		{F661AC6D-11E4-4099-8F70-BB812EE06F6E}.Debug|Any CPU.ActiveCfg = Debug|Any CPU
		{F661AC6D-11E4-4099-8F70-BB812EE06F6E}.Debug|Any CPU.Build.0 = Debug|Any CPU
		{F661AC6D-11E4-4099-8F70-BB812EE06F6E}.Release|Any CPU.ActiveCfg = Release|Any CPU
		{F661AC6D-11E4-4099-8F70-BB812EE06F6E}.Release|Any CPU.Build.0 = Release|Any CPU
		{26668477-98D2-4B14-AEBF-49A78F6C8EB5}.Debug|Any CPU.ActiveCfg = Debug|Any CPU
		{26668477-98D2-4B14-AEBF-49A78F6C8EB5}.Debug|Any CPU.Build.0 = Debug|Any CPU
		{26668477-98D2-4B14-AEBF-49A78F6C8EB5}.Release|Any CPU.ActiveCfg = Release|Any CPU
		{26668477-98D2-4B14-AEBF-49A78F6C8EB5}.Release|Any CPU.Build.0 = Release|Any CPU
		{F87811D9-39C0-40F5-9EE6-ED2D959A6080}.Debug|Any CPU.ActiveCfg = Debug|Any CPU
		{F87811D9-39C0-40F5-9EE6-ED2D959A6080}.Debug|Any CPU.Build.0 = Debug|Any CPU
		{F87811D9-39C0-40F5-9EE6-ED2D959A6080}.Release|Any CPU.ActiveCfg = Release|Any CPU
		{F87811D9-39C0-40F5-9EE6-ED2D959A6080}.Release|Any CPU.Build.0 = Release|Any CPU
		{88D31416-40C2-4D13-80CE-8740879809E0}.Debug|Any CPU.ActiveCfg = Debug|Any CPU
		{88D31416-40C2-4D13-80CE-8740879809E0}.Debug|Any CPU.Build.0 = Debug|Any CPU
		{88D31416-40C2-4D13-80CE-8740879809E0}.Release|Any CPU.ActiveCfg = Release|Any CPU
		{88D31416-40C2-4D13-80CE-8740879809E0}.Release|Any CPU.Build.0 = Release|Any CPU
		{ED8BC8C5-67C6-4E4A-8E85-B2A0335900EB}.Debug|Any CPU.ActiveCfg = Debug|Any CPU
		{ED8BC8C5-67C6-4E4A-8E85-B2A0335900EB}.Debug|Any CPU.Build.0 = Debug|Any CPU
		{ED8BC8C5-67C6-4E4A-8E85-B2A0335900EB}.Release|Any CPU.ActiveCfg = Release|Any CPU
		{ED8BC8C5-67C6-4E4A-8E85-B2A0335900EB}.Release|Any CPU.Build.0 = Release|Any CPU
		{CFAEFD85-6C0B-4A48-8DB6-DC489A45D9AE}.Debug|Any CPU.ActiveCfg = Debug|Any CPU
		{CFAEFD85-6C0B-4A48-8DB6-DC489A45D9AE}.Debug|Any CPU.Build.0 = Debug|Any CPU
		{CFAEFD85-6C0B-4A48-8DB6-DC489A45D9AE}.Release|Any CPU.ActiveCfg = Release|Any CPU
		{CFAEFD85-6C0B-4A48-8DB6-DC489A45D9AE}.Release|Any CPU.Build.0 = Release|Any CPU
		{25412D82-22DE-4B8C-8447-DA5ECA8F06FE}.Debug|Any CPU.ActiveCfg = Debug|Any CPU
		{25412D82-22DE-4B8C-8447-DA5ECA8F06FE}.Debug|Any CPU.Build.0 = Debug|Any CPU
		{25412D82-22DE-4B8C-8447-DA5ECA8F06FE}.Release|Any CPU.ActiveCfg = Release|Any CPU
		{25412D82-22DE-4B8C-8447-DA5ECA8F06FE}.Release|Any CPU.Build.0 = Release|Any CPU
		{EE570FC2-04B2-44D4-B3F4-BEE0CD4E345E}.Debug|Any CPU.ActiveCfg = Debug|Any CPU
		{EE570FC2-04B2-44D4-B3F4-BEE0CD4E345E}.Debug|Any CPU.Build.0 = Debug|Any CPU
		{EE570FC2-04B2-44D4-B3F4-BEE0CD4E345E}.Release|Any CPU.ActiveCfg = Release|Any CPU
		{EE570FC2-04B2-44D4-B3F4-BEE0CD4E345E}.Release|Any CPU.Build.0 = Release|Any CPU
		{57A6A639-C4EE-4264-952B-A842E3B0E8FC}.Debug|Any CPU.ActiveCfg = Debug|Any CPU
		{57A6A639-C4EE-4264-952B-A842E3B0E8FC}.Debug|Any CPU.Build.0 = Debug|Any CPU
		{57A6A639-C4EE-4264-952B-A842E3B0E8FC}.Release|Any CPU.ActiveCfg = Release|Any CPU
		{57A6A639-C4EE-4264-952B-A842E3B0E8FC}.Release|Any CPU.Build.0 = Release|Any CPU
	EndGlobalSection
	GlobalSection(SolutionProperties) = preSolution
		HideSolutionNode = FALSE
	EndGlobalSection
	GlobalSection(ExtensibilityGlobals) = postSolution
		SolutionGuid = {86D56933-129C-4AC9-B408-EE7257A510E3}
	EndGlobalSection
EndGlobal
