
Microsoft Visual Studio Solution File, Format Version 12.00
# Visual Studio Version 16
VisualStudioVersion = 16.0.29728.190
MinimumVisualStudioVersion = 10.0.40219.1
Project("{9A19103F-16F7-4668-BE54-9A1E7A4F7556}") = "Oefening 01", "Oefening 01\Oefening 01.csproj", "{FCDD5D25-E34A-469B-83E9-D08F8A474893}"
EndProject
Project("{9A19103F-16F7-4668-BE54-9A1E7A4F7556}") = "Oefening 02", "Oefening 02\Oefening 02.csproj", "{1CDE1B4D-86F2-48A8-BABE-9C3271DEA15D}"
EndProject
Project("{9A19103F-16F7-4668-BE54-9A1E7A4F7556}") = "Oefening 03 Optellen muntstukken", "Oefening 03 Optellen muntstukken\Oefening 03 Optellen muntstukken.csproj", "{35FC702A-C4E6-4D13-9AE2-40B546E7F322}"
EndProject
Project("{9A19103F-16F7-4668-BE54-9A1E7A4F7556}") = "Oefening 04 Berekenen BMI", "Oefening 04 Berekenen BMI\Oefening 04 Berekenen BMI.csproj", "{CC38D74F-1E26-4CCA-B323-6E9488FED371}"
EndProject
Project("{9A19103F-16F7-4668-BE54-9A1E7A4F7556}") = "Oefening 05 Quotient", "Oefening 5 Quotient\Oefening 05 Quotient.csproj", "{2090F77E-D854-4A3F-B3A1-DC3CD8F3C640}"
EndProject
Project("{9A19103F-16F7-4668-BE54-9A1E7A4F7556}") = "Oefening 06 HelftOfDubbele TryParse", "Oefening 04 HelftOfDubbele TryParse\Oefening 06 HelftOfDubbele TryParse.csproj", "{D23F62F0-C7E1-485A-91C8-D7D2913BD138}"
EndProject
Project("{9A19103F-16F7-4668-BE54-9A1E7A4F7556}") = "Oefening 07 Maandnummer", "Oefening 07 Maandnummer\Oefening 07 Maandnummer.csproj", "{17EFEA17-CAF4-4CB5-88C5-3CE09E14CCA0}"
EndProject
Project("{9A19103F-16F7-4668-BE54-9A1E7A4F7556}") = "Oefening 08 Schrikkeljaar", "Oefening 08 Schrikkeljaar\Oefening 08 Schrikkeljaar.csproj", "{1EC365BC-0C07-4575-B80D-0B11BCD64833}"
EndProject
Project("{9A19103F-16F7-4668-BE54-9A1E7A4F7556}") = "Oefening 09 TwintigTemTien", "Oefening 09 TwintigTemTien\Oefening 09 TwintigTemTien.csproj", "{1687502C-BB25-467A-AD8A-B0CC8824D348}"
EndProject
Project("{9A19103F-16F7-4668-BE54-9A1E7A4F7556}") = "Oefening 10 TafelsVan7", "Oefening 10 TafelsVan7\Oefening 10 TafelsVan7.csproj", "{E781294A-27A8-4FA1-BE15-C6C397FC19B4}"
EndProject
Project("{9A19103F-16F7-4668-BE54-9A1E7A4F7556}") = "Oefening 11 RobuusteInvoerDouble", "Oefening 11 RobuusteInvoerDouble\Oefening 11 RobuusteInvoerDouble.csproj", "{F661AC6D-11E4-4099-8F70-BB812EE06F6E}"
EndProject
Project("{9A19103F-16F7-4668-BE54-9A1E7A4F7556}") = "Oefening 12 RobuusteInvoerDouble", "Oefening 12 RobuusteInvoerDouble\Oefening 12 RobuusteInvoerDouble.csproj", "{26668477-98D2-4B14-AEBF-49A78F6C8EB5}"
EndProject
Project("{9A19103F-16F7-4668-BE54-9A1E7A4F7556}") = "Oefening 13 Permutaties", "Oefening 13 Permutaties\Oefening 13 Permutaties.csproj", "{F87811D9-39C0-40F5-9EE6-ED2D959A6080}"
EndProject
Project("{9A19103F-16F7-4668-BE54-9A1E7A4F7556}") = "Oefening 14 Fibonacci", "Oefening 14 Fibonacci\Oefening 14 Fibonacci.csproj", "{88D31416-40C2-4D13-80CE-8740879809E0}"
EndProject
Project("{9A19103F-16F7-4668-BE54-9A1E7A4F7556}") = "Oefening 15 EvenOneven", "Oefening 15 EvenOneven\Oefening 15 EvenOneven.csproj", "{ED8BC8C5-67C6-4E4A-8E85-B2A0335900EB}"
EndProject
Project("{9A19103F-16F7-4668-BE54-9A1E7A4F7556}") = "Oefening 16 ReeksVanKleinNaarGroot", "Oefening 16 ReeksVanKleinNaarGroot\Oefening 16 ReeksVanKleinNaarGroot.csproj", "{CFAEFD85-6C0B-4A48-8DB6-DC489A45D9AE}"
EndProject
Project("{9A19103F-16F7-4668-BE54-9A1E7A4F7556}") = "Oefening 17 Tellen", "Oefening 17 Tellen\Oefening 17 Tellen.csproj", "{25412D82-22DE-4B8C-8447-DA5ECA8F06FE}"
EndProject
Project("{9A19103F-16F7-4668-BE54-9A1E7A4F7556}") = "Oefening 18 Vierkant", "Oefening 18 Vierkant\Oefening 18 Vierkant.csproj", "{EE570FC2-04B2-44D4-B3F4-BEE0CD4E345E}"
EndProject
Project("{9A19103F-16F7-4668-BE54-9A1E7A4F7556}") = "Oefening 19 Driehoek", "Oefening 19 Driehoek\Oefening 19 Driehoek.csproj", "{57A6A639-C4EE-4264-952B-A842E3B0E8FC}"
EndProject
Project("{9A19103F-16F7-4668-BE54-9A1E7A4F7556}") = "Oefening 20 GrootstIngevoerdeWaarde", "Oefening 20 GrootstIngevoerdeWaarde\Oefening 20 GrootstIngevoerdeWaarde.csproj", "{D3EAF3EB-1A6D-4CCC-82F5-0CD238DA3B62}"
EndProject
Project("{9A19103F-16F7-4668-BE54-9A1E7A4F7556}") = "Oefening 21 Som", "Oefening 21 Som\Oefening 21 Som.csproj", "{FE0FF57D-4F0E-4D38-83B3-917BD25F1B77}"
EndProject
Project("{9A19103F-16F7-4668-BE54-9A1E7A4F7556}") = "Oefening 22 Rekenmachine", "Oefening 21 Rekenmachine\Oefening 22 Rekenmachine.csproj", "{2E4C41D3-AED0-4C0B-8E67-F62FFE4FC4DA}"
EndProject
Project("{9A19103F-16F7-4668-BE54-9A1E7A4F7556}") = "Oefening 23 SecondenLijst", "Oefening 23 SecondenLijst\Oefening 23 SecondenLijst.csproj", "{2A5E9F32-5A55-40A8-99AA-2CC19E714A7E}"
EndProject
Project("{9A19103F-16F7-4668-BE54-9A1E7A4F7556}") = "Oefening 24 Rechthoek", "Oefening 24 Rechthoek\Oefening 24 Rechthoek.csproj", "{69375AD4-2132-469C-9682-EF812CF0F7F5}"
EndProject
Project("{9A19103F-16F7-4668-BE54-9A1E7A4F7556}") = "Oefening 25 FeestdagenNaam", "Oefening 25 FeestdagenNaam\Oefening 25 FeestdagenNaam.csproj", "{41C76A62-4B19-49EB-9DE9-D1E73697933F}"
EndProject
Project("{9A19103F-16F7-4668-BE54-9A1E7A4F7556}") = "Oefening 26 FeestdagenDatum", "Oefening 26 FeestdagenDatum\Oefening 26 FeestdagenDatum.csproj", "{AFEC4445-BDB2-4A81-BC67-52D278DC843E}"
EndProject
Project("{9A19103F-16F7-4668-BE54-9A1E7A4F7556}") = "Oefening 27 GemeenteNamenEnPostcodes", "Oefening 27 GemeenteNamenEnPostcodes\Oefening 27 GemeenteNamenEnPostcodes.csproj", "{222E2C9F-B66D-46F0-8FA7-D02DEDDFB2CB}"
EndProject
Project("{9A19103F-16F7-4668-BE54-9A1E7A4F7556}") = "Oefening 28 AantalDagenInElkeMaand", "Oefening 28 AantalDagenInElkeMaand\Oefening 28 AantalDagenInElkeMaand.csproj", "{75BDF94A-CE1A-4095-BAF4-E88B7783E22F}"
EndProject
Project("{9A19103F-16F7-4668-BE54-9A1E7A4F7556}") = "Oefening 29 TabelOpvullen", "Oefening 29 TabelOpvullen\Oefening 29 TabelOpvullen.csproj", "{526BC80A-103F-4C73-947D-CE9DA88610BF}"
EndProject
Project("{9A19103F-16F7-4668-BE54-9A1E7A4F7556}") = "Oefening 30 ArrayInitializer", "Oefening 30 ArrayInitializer\Oefening 30 ArrayInitializer.csproj", "{2E0297A5-F47B-4E80-9256-8973C02B1180}"
EndProject
Project("{9A19103F-16F7-4668-BE54-9A1E7A4F7556}") = "Oefening 31 Foreach", "Oefening 31 Foreach\Oefening 31 Foreach.csproj", "{E5A6F5D7-7244-4273-AD55-B01B2673D522}"
EndProject
Project("{9A19103F-16F7-4668-BE54-9A1E7A4F7556}") = "Oefening 32 BrutoNaarNetto", "Oefening 32 BrutoNaarNetto\Oefening 32 BrutoNaarNetto.csproj", "{9808C4D7-E675-493A-8AE3-D0B7C4B74867}"
EndProject
Project("{9A19103F-16F7-4668-BE54-9A1E7A4F7556}") = "Oefening 33 Aansprekingen", "Oefening 33 Aansprekingen\Oefening 33 Aansprekingen.csproj", "{2647DCB4-DAD6-481C-A7DB-BA2EE8FBACE0}"
EndProject
Project("{9A19103F-16F7-4668-BE54-9A1E7A4F7556}") = "Oefening 34 Fibonacci", "Oefening 34 Fibonacci\Oefening 34 Fibonacci.csproj", "{8936DE03-1909-4C03-9F4C-91CC884A7B32}"
EndProject
Project("{9A19103F-16F7-4668-BE54-9A1E7A4F7556}") = "Oefening 35 NamenTabel", "Oefening 35 NamenTabel\Oefening 35 NamenTabel.csproj", "{90F6C894-55F0-478D-B991-B71F534EA762}"
EndProject
Project("{9A19103F-16F7-4668-BE54-9A1E7A4F7556}") = "Oefening 36 ZoekGeschiedenis", "Oefening 36 ZoekGeschiedenis\Oefening 36 ZoekGeschiedenis.csproj", "{436FA838-5B35-41EF-8EC0-459D4517F27F}"
EndProject
Project("{FAE04EC0-301F-11D3-BF4B-00C04F79EFBC}") = "Oefening 37 TemperatuurZoeken", "Oefening 37 TemperatuurZoeken\Oefening 37 TemperatuurZoeken.csproj", "{4B08B6BA-0851-4A79-A5EE-5B20491052C5}"
EndProject
Project("{FAE04EC0-301F-11D3-BF4B-00C04F79EFBC}") = "Oefening 38 ArrayResize", "Oefening 38 ArrayResize\Oefening 38 ArrayResize.csproj", "{2491D12C-8974-4C22-B5BC-C9BAA220E34D}"
EndProject
Project("{FAE04EC0-301F-11D3-BF4B-00C04F79EFBC}") = "Oefening 40 GesorteerdeGeboorteData", "Oefening 39 GesorteerdeGeboorteData\Oefening 40 GesorteerdeGeboorteData.csproj", "{C0E640A3-2029-4717-B75B-86C0D08977AF}"
EndProject
Project("{FAE04EC0-301F-11D3-BF4B-00C04F79EFBC}") = "Oefening 41 PrintQuotient", "Oefening 41 PrintQuotient\Oefening 41 PrintQuotient.csproj", "{333F278D-E6A7-4909-ADF4-5DC101E3EAED}"
EndProject
Project("{FAE04EC0-301F-11D3-BF4B-00C04F79EFBC}") = "Oefening 42 FeestdagenVerschuiven", "Oefening 42 FeestdagenVerschuiven\Oefening 42 FeestdagenVerschuiven.csproj", "{1D654A0B-3EBC-4825-9B81-BA8F66372D54}"
EndProject
Project("{FAE04EC0-301F-11D3-BF4B-00C04F79EFBC}") = "Oefening 43 DagenInFebruari", "Oefening 43 DagenInFebruari\Oefening 43 DagenInFebruari.csproj", "{4B7F4BD0-00AC-4835-A80A-BAA35EA571C7}"
EndProject
Project("{FAE04EC0-301F-11D3-BF4B-00C04F79EFBC}") = "Oefening 44 DagenInMaand", "Oefening 44 DagenInMaand\Oefening 44 DagenInMaand.csproj", "{72E4CE33-F442-43E8-926A-DC1CDECD3A1E}"
EndProject
Project("{FAE04EC0-301F-11D3-BF4B-00C04F79EFBC}") = "Oefening 45 Morgen", "Oefening 45 Morgen\Oefening 45 Morgen.csproj", "{9B21F1DC-58BB-46D5-B8A1-A911A9B34EEC}"
EndProject
Project("{FAE04EC0-301F-11D3-BF4B-00C04F79EFBC}") = "Oefening 46 FahrenheitMethod", "Oefening 45 FahrenheitMethod\Oefening 46 FahrenheitMethod.csproj", "{50BA3AD8-B5D2-45BE-BA7C-CE7852C5BD0C}"
EndProject
Project("{FAE04EC0-301F-11D3-BF4B-00C04F79EFBC}") = "Oefening 47 Weekdagen", "Oefening 47 Weekdagen\Oefening 47 Weekdagen.csproj", "{0878D609-3C4A-49B0-A9C2-DC5F23D1F7C3}"
EndProject
Project("{FAE04EC0-301F-11D3-BF4B-00C04F79EFBC}") = "Oefening 48 PrintLijst", "Oefening 48 PrintLijst\Oefening 48 PrintLijst.csproj", "{43D6642D-6593-4D37-B27F-04B621A82C40}"
EndProject
Project("{FAE04EC0-301F-11D3-BF4B-00C04F79EFBC}") = "Oefening 49 FibonacciMethod", "Oefening 49 FibonacciMethod\Oefening 49 FibonacciMethod.csproj", "{D5537822-9E48-4DD0-B849-B9586EC1602D}"
EndProject
Global
	GlobalSection(SolutionConfigurationPlatforms) = preSolution
		Debug|Any CPU = Debug|Any CPU
		Release|Any CPU = Release|Any CPU
	EndGlobalSection
	GlobalSection(ProjectConfigurationPlatforms) = postSolution
		{FCDD5D25-E34A-469B-83E9-D08F8A474893}.Debug|Any CPU.ActiveCfg = Debug|Any CPU
		{FCDD5D25-E34A-469B-83E9-D08F8A474893}.Debug|Any CPU.Build.0 = Debug|Any CPU
		{FCDD5D25-E34A-469B-83E9-D08F8A474893}.Release|Any CPU.ActiveCfg = Release|Any CPU
		{FCDD5D25-E34A-469B-83E9-D08F8A474893}.Release|Any CPU.Build.0 = Release|Any CPU
		{1CDE1B4D-86F2-48A8-BABE-9C3271DEA15D}.Debug|Any CPU.ActiveCfg = Debug|Any CPU
		{1CDE1B4D-86F2-48A8-BABE-9C3271DEA15D}.Debug|Any CPU.Build.0 = Debug|Any CPU
		{1CDE1B4D-86F2-48A8-BABE-9C3271DEA15D}.Release|Any CPU.ActiveCfg = Release|Any CPU
		{1CDE1B4D-86F2-48A8-BABE-9C3271DEA15D}.Release|Any CPU.Build.0 = Release|Any CPU
		{35FC702A-C4E6-4D13-9AE2-40B546E7F322}.Debug|Any CPU.ActiveCfg = Debug|Any CPU
		{35FC702A-C4E6-4D13-9AE2-40B546E7F322}.Debug|Any CPU.Build.0 = Debug|Any CPU
		{35FC702A-C4E6-4D13-9AE2-40B546E7F322}.Release|Any CPU.ActiveCfg = Release|Any CPU
		{35FC702A-C4E6-4D13-9AE2-40B546E7F322}.Release|Any CPU.Build.0 = Release|Any CPU
		{CC38D74F-1E26-4CCA-B323-6E9488FED371}.Debug|Any CPU.ActiveCfg = Debug|Any CPU
		{CC38D74F-1E26-4CCA-B323-6E9488FED371}.Debug|Any CPU.Build.0 = Debug|Any CPU
		{CC38D74F-1E26-4CCA-B323-6E9488FED371}.Release|Any CPU.ActiveCfg = Release|Any CPU
		{CC38D74F-1E26-4CCA-B323-6E9488FED371}.Release|Any CPU.Build.0 = Release|Any CPU
		{2090F77E-D854-4A3F-B3A1-DC3CD8F3C640}.Debug|Any CPU.ActiveCfg = Debug|Any CPU
		{2090F77E-D854-4A3F-B3A1-DC3CD8F3C640}.Debug|Any CPU.Build.0 = Debug|Any CPU
		{2090F77E-D854-4A3F-B3A1-DC3CD8F3C640}.Release|Any CPU.ActiveCfg = Release|Any CPU
		{2090F77E-D854-4A3F-B3A1-DC3CD8F3C640}.Release|Any CPU.Build.0 = Release|Any CPU
		{D23F62F0-C7E1-485A-91C8-D7D2913BD138}.Debug|Any CPU.ActiveCfg = Debug|Any CPU
		{D23F62F0-C7E1-485A-91C8-D7D2913BD138}.Debug|Any CPU.Build.0 = Debug|Any CPU
		{D23F62F0-C7E1-485A-91C8-D7D2913BD138}.Release|Any CPU.ActiveCfg = Release|Any CPU
		{D23F62F0-C7E1-485A-91C8-D7D2913BD138}.Release|Any CPU.Build.0 = Release|Any CPU
		{17EFEA17-CAF4-4CB5-88C5-3CE09E14CCA0}.Debug|Any CPU.ActiveCfg = Debug|Any CPU
		{17EFEA17-CAF4-4CB5-88C5-3CE09E14CCA0}.Debug|Any CPU.Build.0 = Debug|Any CPU
		{17EFEA17-CAF4-4CB5-88C5-3CE09E14CCA0}.Release|Any CPU.ActiveCfg = Release|Any CPU
		{17EFEA17-CAF4-4CB5-88C5-3CE09E14CCA0}.Release|Any CPU.Build.0 = Release|Any CPU
		{1EC365BC-0C07-4575-B80D-0B11BCD64833}.Debug|Any CPU.ActiveCfg = Debug|Any CPU
		{1EC365BC-0C07-4575-B80D-0B11BCD64833}.Debug|Any CPU.Build.0 = Debug|Any CPU
		{1EC365BC-0C07-4575-B80D-0B11BCD64833}.Release|Any CPU.ActiveCfg = Release|Any CPU
		{1EC365BC-0C07-4575-B80D-0B11BCD64833}.Release|Any CPU.Build.0 = Release|Any CPU
		{1687502C-BB25-467A-AD8A-B0CC8824D348}.Debug|Any CPU.ActiveCfg = Debug|Any CPU
		{1687502C-BB25-467A-AD8A-B0CC8824D348}.Debug|Any CPU.Build.0 = Debug|Any CPU
		{1687502C-BB25-467A-AD8A-B0CC8824D348}.Release|Any CPU.ActiveCfg = Release|Any CPU
		{1687502C-BB25-467A-AD8A-B0CC8824D348}.Release|Any CPU.Build.0 = Release|Any CPU
		{E781294A-27A8-4FA1-BE15-C6C397FC19B4}.Debug|Any CPU.ActiveCfg = Debug|Any CPU
		{E781294A-27A8-4FA1-BE15-C6C397FC19B4}.Debug|Any CPU.Build.0 = Debug|Any CPU
		{E781294A-27A8-4FA1-BE15-C6C397FC19B4}.Release|Any CPU.ActiveCfg = Release|Any CPU
		{E781294A-27A8-4FA1-BE15-C6C397FC19B4}.Release|Any CPU.Build.0 = Release|Any CPU
		{F661AC6D-11E4-4099-8F70-BB812EE06F6E}.Debug|Any CPU.ActiveCfg = Debug|Any CPU
		{F661AC6D-11E4-4099-8F70-BB812EE06F6E}.Debug|Any CPU.Build.0 = Debug|Any CPU
		{F661AC6D-11E4-4099-8F70-BB812EE06F6E}.Release|Any CPU.ActiveCfg = Release|Any CPU
		{F661AC6D-11E4-4099-8F70-BB812EE06F6E}.Release|Any CPU.Build.0 = Release|Any CPU
		{26668477-98D2-4B14-AEBF-49A78F6C8EB5}.Debug|Any CPU.ActiveCfg = Debug|Any CPU
		{26668477-98D2-4B14-AEBF-49A78F6C8EB5}.Debug|Any CPU.Build.0 = Debug|Any CPU
		{26668477-98D2-4B14-AEBF-49A78F6C8EB5}.Release|Any CPU.ActiveCfg = Release|Any CPU
		{26668477-98D2-4B14-AEBF-49A78F6C8EB5}.Release|Any CPU.Build.0 = Release|Any CPU
		{F87811D9-39C0-40F5-9EE6-ED2D959A6080}.Debug|Any CPU.ActiveCfg = Debug|Any CPU
		{F87811D9-39C0-40F5-9EE6-ED2D959A6080}.Debug|Any CPU.Build.0 = Debug|Any CPU
		{F87811D9-39C0-40F5-9EE6-ED2D959A6080}.Release|Any CPU.ActiveCfg = Release|Any CPU
		{F87811D9-39C0-40F5-9EE6-ED2D959A6080}.Release|Any CPU.Build.0 = Release|Any CPU
		{88D31416-40C2-4D13-80CE-8740879809E0}.Debug|Any CPU.ActiveCfg = Debug|Any CPU
		{88D31416-40C2-4D13-80CE-8740879809E0}.Debug|Any CPU.Build.0 = Debug|Any CPU
		{88D31416-40C2-4D13-80CE-8740879809E0}.Release|Any CPU.ActiveCfg = Release|Any CPU
		{88D31416-40C2-4D13-80CE-8740879809E0}.Release|Any CPU.Build.0 = Release|Any CPU
		{ED8BC8C5-67C6-4E4A-8E85-B2A0335900EB}.Debug|Any CPU.ActiveCfg = Debug|Any CPU
		{ED8BC8C5-67C6-4E4A-8E85-B2A0335900EB}.Debug|Any CPU.Build.0 = Debug|Any CPU
		{ED8BC8C5-67C6-4E4A-8E85-B2A0335900EB}.Release|Any CPU.ActiveCfg = Release|Any CPU
		{ED8BC8C5-67C6-4E4A-8E85-B2A0335900EB}.Release|Any CPU.Build.0 = Release|Any CPU
		{CFAEFD85-6C0B-4A48-8DB6-DC489A45D9AE}.Debug|Any CPU.ActiveCfg = Debug|Any CPU
		{CFAEFD85-6C0B-4A48-8DB6-DC489A45D9AE}.Debug|Any CPU.Build.0 = Debug|Any CPU
		{CFAEFD85-6C0B-4A48-8DB6-DC489A45D9AE}.Release|Any CPU.ActiveCfg = Release|Any CPU
		{CFAEFD85-6C0B-4A48-8DB6-DC489A45D9AE}.Release|Any CPU.Build.0 = Release|Any CPU
		{25412D82-22DE-4B8C-8447-DA5ECA8F06FE}.Debug|Any CPU.ActiveCfg = Debug|Any CPU
		{25412D82-22DE-4B8C-8447-DA5ECA8F06FE}.Debug|Any CPU.Build.0 = Debug|Any CPU
		{25412D82-22DE-4B8C-8447-DA5ECA8F06FE}.Release|Any CPU.ActiveCfg = Release|Any CPU
		{25412D82-22DE-4B8C-8447-DA5ECA8F06FE}.Release|Any CPU.Build.0 = Release|Any CPU
		{EE570FC2-04B2-44D4-B3F4-BEE0CD4E345E}.Debug|Any CPU.ActiveCfg = Debug|Any CPU
		{EE570FC2-04B2-44D4-B3F4-BEE0CD4E345E}.Debug|Any CPU.Build.0 = Debug|Any CPU
		{EE570FC2-04B2-44D4-B3F4-BEE0CD4E345E}.Release|Any CPU.ActiveCfg = Release|Any CPU
		{EE570FC2-04B2-44D4-B3F4-BEE0CD4E345E}.Release|Any CPU.Build.0 = Release|Any CPU
		{57A6A639-C4EE-4264-952B-A842E3B0E8FC}.Debug|Any CPU.ActiveCfg = Debug|Any CPU
		{57A6A639-C4EE-4264-952B-A842E3B0E8FC}.Debug|Any CPU.Build.0 = Debug|Any CPU
		{57A6A639-C4EE-4264-952B-A842E3B0E8FC}.Release|Any CPU.ActiveCfg = Release|Any CPU
		{57A6A639-C4EE-4264-952B-A842E3B0E8FC}.Release|Any CPU.Build.0 = Release|Any CPU
		{D3EAF3EB-1A6D-4CCC-82F5-0CD238DA3B62}.Debug|Any CPU.ActiveCfg = Debug|Any CPU
		{D3EAF3EB-1A6D-4CCC-82F5-0CD238DA3B62}.Debug|Any CPU.Build.0 = Debug|Any CPU
		{D3EAF3EB-1A6D-4CCC-82F5-0CD238DA3B62}.Release|Any CPU.ActiveCfg = Release|Any CPU
		{D3EAF3EB-1A6D-4CCC-82F5-0CD238DA3B62}.Release|Any CPU.Build.0 = Release|Any CPU
		{FE0FF57D-4F0E-4D38-83B3-917BD25F1B77}.Debug|Any CPU.ActiveCfg = Debug|Any CPU
		{FE0FF57D-4F0E-4D38-83B3-917BD25F1B77}.Debug|Any CPU.Build.0 = Debug|Any CPU
		{FE0FF57D-4F0E-4D38-83B3-917BD25F1B77}.Release|Any CPU.ActiveCfg = Release|Any CPU
		{FE0FF57D-4F0E-4D38-83B3-917BD25F1B77}.Release|Any CPU.Build.0 = Release|Any CPU
		{2E4C41D3-AED0-4C0B-8E67-F62FFE4FC4DA}.Debug|Any CPU.ActiveCfg = Debug|Any CPU
		{2E4C41D3-AED0-4C0B-8E67-F62FFE4FC4DA}.Debug|Any CPU.Build.0 = Debug|Any CPU
		{2E4C41D3-AED0-4C0B-8E67-F62FFE4FC4DA}.Release|Any CPU.ActiveCfg = Release|Any CPU
		{2E4C41D3-AED0-4C0B-8E67-F62FFE4FC4DA}.Release|Any CPU.Build.0 = Release|Any CPU
		{2A5E9F32-5A55-40A8-99AA-2CC19E714A7E}.Debug|Any CPU.ActiveCfg = Debug|Any CPU
		{2A5E9F32-5A55-40A8-99AA-2CC19E714A7E}.Debug|Any CPU.Build.0 = Debug|Any CPU
		{2A5E9F32-5A55-40A8-99AA-2CC19E714A7E}.Release|Any CPU.ActiveCfg = Release|Any CPU
		{2A5E9F32-5A55-40A8-99AA-2CC19E714A7E}.Release|Any CPU.Build.0 = Release|Any CPU
		{69375AD4-2132-469C-9682-EF812CF0F7F5}.Debug|Any CPU.ActiveCfg = Debug|Any CPU
		{69375AD4-2132-469C-9682-EF812CF0F7F5}.Debug|Any CPU.Build.0 = Debug|Any CPU
		{69375AD4-2132-469C-9682-EF812CF0F7F5}.Release|Any CPU.ActiveCfg = Release|Any CPU
		{69375AD4-2132-469C-9682-EF812CF0F7F5}.Release|Any CPU.Build.0 = Release|Any CPU
		{41C76A62-4B19-49EB-9DE9-D1E73697933F}.Debug|Any CPU.ActiveCfg = Debug|Any CPU
		{41C76A62-4B19-49EB-9DE9-D1E73697933F}.Debug|Any CPU.Build.0 = Debug|Any CPU
		{41C76A62-4B19-49EB-9DE9-D1E73697933F}.Release|Any CPU.ActiveCfg = Release|Any CPU
		{41C76A62-4B19-49EB-9DE9-D1E73697933F}.Release|Any CPU.Build.0 = Release|Any CPU
		{AFEC4445-BDB2-4A81-BC67-52D278DC843E}.Debug|Any CPU.ActiveCfg = Debug|Any CPU
		{AFEC4445-BDB2-4A81-BC67-52D278DC843E}.Debug|Any CPU.Build.0 = Debug|Any CPU
		{AFEC4445-BDB2-4A81-BC67-52D278DC843E}.Release|Any CPU.ActiveCfg = Release|Any CPU
		{AFEC4445-BDB2-4A81-BC67-52D278DC843E}.Release|Any CPU.Build.0 = Release|Any CPU
		{222E2C9F-B66D-46F0-8FA7-D02DEDDFB2CB}.Debug|Any CPU.ActiveCfg = Debug|Any CPU
		{222E2C9F-B66D-46F0-8FA7-D02DEDDFB2CB}.Debug|Any CPU.Build.0 = Debug|Any CPU
		{222E2C9F-B66D-46F0-8FA7-D02DEDDFB2CB}.Release|Any CPU.ActiveCfg = Release|Any CPU
		{222E2C9F-B66D-46F0-8FA7-D02DEDDFB2CB}.Release|Any CPU.Build.0 = Release|Any CPU
		{75BDF94A-CE1A-4095-BAF4-E88B7783E22F}.Debug|Any CPU.ActiveCfg = Debug|Any CPU
		{75BDF94A-CE1A-4095-BAF4-E88B7783E22F}.Debug|Any CPU.Build.0 = Debug|Any CPU
		{75BDF94A-CE1A-4095-BAF4-E88B7783E22F}.Release|Any CPU.ActiveCfg = Release|Any CPU
		{75BDF94A-CE1A-4095-BAF4-E88B7783E22F}.Release|Any CPU.Build.0 = Release|Any CPU
		{526BC80A-103F-4C73-947D-CE9DA88610BF}.Debug|Any CPU.ActiveCfg = Debug|Any CPU
		{526BC80A-103F-4C73-947D-CE9DA88610BF}.Debug|Any CPU.Build.0 = Debug|Any CPU
		{526BC80A-103F-4C73-947D-CE9DA88610BF}.Release|Any CPU.ActiveCfg = Release|Any CPU
		{526BC80A-103F-4C73-947D-CE9DA88610BF}.Release|Any CPU.Build.0 = Release|Any CPU
		{2E0297A5-F47B-4E80-9256-8973C02B1180}.Debug|Any CPU.ActiveCfg = Debug|Any CPU
		{2E0297A5-F47B-4E80-9256-8973C02B1180}.Debug|Any CPU.Build.0 = Debug|Any CPU
		{2E0297A5-F47B-4E80-9256-8973C02B1180}.Release|Any CPU.ActiveCfg = Release|Any CPU
		{2E0297A5-F47B-4E80-9256-8973C02B1180}.Release|Any CPU.Build.0 = Release|Any CPU
		{E5A6F5D7-7244-4273-AD55-B01B2673D522}.Debug|Any CPU.ActiveCfg = Debug|Any CPU
		{E5A6F5D7-7244-4273-AD55-B01B2673D522}.Debug|Any CPU.Build.0 = Debug|Any CPU
		{E5A6F5D7-7244-4273-AD55-B01B2673D522}.Release|Any CPU.ActiveCfg = Release|Any CPU
		{E5A6F5D7-7244-4273-AD55-B01B2673D522}.Release|Any CPU.Build.0 = Release|Any CPU
		{9808C4D7-E675-493A-8AE3-D0B7C4B74867}.Debug|Any CPU.ActiveCfg = Debug|Any CPU
		{9808C4D7-E675-493A-8AE3-D0B7C4B74867}.Debug|Any CPU.Build.0 = Debug|Any CPU
		{9808C4D7-E675-493A-8AE3-D0B7C4B74867}.Release|Any CPU.ActiveCfg = Release|Any CPU
		{9808C4D7-E675-493A-8AE3-D0B7C4B74867}.Release|Any CPU.Build.0 = Release|Any CPU
		{2647DCB4-DAD6-481C-A7DB-BA2EE8FBACE0}.Debug|Any CPU.ActiveCfg = Debug|Any CPU
		{2647DCB4-DAD6-481C-A7DB-BA2EE8FBACE0}.Debug|Any CPU.Build.0 = Debug|Any CPU
		{2647DCB4-DAD6-481C-A7DB-BA2EE8FBACE0}.Release|Any CPU.ActiveCfg = Release|Any CPU
		{2647DCB4-DAD6-481C-A7DB-BA2EE8FBACE0}.Release|Any CPU.Build.0 = Release|Any CPU
		{8936DE03-1909-4C03-9F4C-91CC884A7B32}.Debug|Any CPU.ActiveCfg = Debug|Any CPU
		{8936DE03-1909-4C03-9F4C-91CC884A7B32}.Debug|Any CPU.Build.0 = Debug|Any CPU
		{8936DE03-1909-4C03-9F4C-91CC884A7B32}.Release|Any CPU.ActiveCfg = Release|Any CPU
		{8936DE03-1909-4C03-9F4C-91CC884A7B32}.Release|Any CPU.Build.0 = Release|Any CPU
		{90F6C894-55F0-478D-B991-B71F534EA762}.Debug|Any CPU.ActiveCfg = Debug|Any CPU
		{90F6C894-55F0-478D-B991-B71F534EA762}.Debug|Any CPU.Build.0 = Debug|Any CPU
		{90F6C894-55F0-478D-B991-B71F534EA762}.Release|Any CPU.ActiveCfg = Release|Any CPU
		{90F6C894-55F0-478D-B991-B71F534EA762}.Release|Any CPU.Build.0 = Release|Any CPU
		{436FA838-5B35-41EF-8EC0-459D4517F27F}.Debug|Any CPU.ActiveCfg = Debug|Any CPU
		{436FA838-5B35-41EF-8EC0-459D4517F27F}.Debug|Any CPU.Build.0 = Debug|Any CPU
		{436FA838-5B35-41EF-8EC0-459D4517F27F}.Release|Any CPU.ActiveCfg = Release|Any CPU
		{436FA838-5B35-41EF-8EC0-459D4517F27F}.Release|Any CPU.Build.0 = Release|Any CPU
		{4B08B6BA-0851-4A79-A5EE-5B20491052C5}.Debug|Any CPU.ActiveCfg = Debug|Any CPU
		{4B08B6BA-0851-4A79-A5EE-5B20491052C5}.Debug|Any CPU.Build.0 = Debug|Any CPU
		{4B08B6BA-0851-4A79-A5EE-5B20491052C5}.Release|Any CPU.ActiveCfg = Release|Any CPU
		{4B08B6BA-0851-4A79-A5EE-5B20491052C5}.Release|Any CPU.Build.0 = Release|Any CPU
		{2491D12C-8974-4C22-B5BC-C9BAA220E34D}.Debug|Any CPU.ActiveCfg = Debug|Any CPU
		{2491D12C-8974-4C22-B5BC-C9BAA220E34D}.Debug|Any CPU.Build.0 = Debug|Any CPU
		{2491D12C-8974-4C22-B5BC-C9BAA220E34D}.Release|Any CPU.ActiveCfg = Release|Any CPU
		{2491D12C-8974-4C22-B5BC-C9BAA220E34D}.Release|Any CPU.Build.0 = Release|Any CPU
		{C0E640A3-2029-4717-B75B-86C0D08977AF}.Debug|Any CPU.ActiveCfg = Debug|Any CPU
		{C0E640A3-2029-4717-B75B-86C0D08977AF}.Debug|Any CPU.Build.0 = Debug|Any CPU
		{C0E640A3-2029-4717-B75B-86C0D08977AF}.Release|Any CPU.ActiveCfg = Release|Any CPU
		{C0E640A3-2029-4717-B75B-86C0D08977AF}.Release|Any CPU.Build.0 = Release|Any CPU
		{333F278D-E6A7-4909-ADF4-5DC101E3EAED}.Debug|Any CPU.ActiveCfg = Debug|Any CPU
		{333F278D-E6A7-4909-ADF4-5DC101E3EAED}.Debug|Any CPU.Build.0 = Debug|Any CPU
		{333F278D-E6A7-4909-ADF4-5DC101E3EAED}.Release|Any CPU.ActiveCfg = Release|Any CPU
		{333F278D-E6A7-4909-ADF4-5DC101E3EAED}.Release|Any CPU.Build.0 = Release|Any CPU
		{1D654A0B-3EBC-4825-9B81-BA8F66372D54}.Debug|Any CPU.ActiveCfg = Debug|Any CPU
		{1D654A0B-3EBC-4825-9B81-BA8F66372D54}.Debug|Any CPU.Build.0 = Debug|Any CPU
		{1D654A0B-3EBC-4825-9B81-BA8F66372D54}.Release|Any CPU.ActiveCfg = Release|Any CPU
		{1D654A0B-3EBC-4825-9B81-BA8F66372D54}.Release|Any CPU.Build.0 = Release|Any CPU
		{4B7F4BD0-00AC-4835-A80A-BAA35EA571C7}.Debug|Any CPU.ActiveCfg = Debug|Any CPU
		{4B7F4BD0-00AC-4835-A80A-BAA35EA571C7}.Debug|Any CPU.Build.0 = Debug|Any CPU
		{4B7F4BD0-00AC-4835-A80A-BAA35EA571C7}.Release|Any CPU.ActiveCfg = Release|Any CPU
		{4B7F4BD0-00AC-4835-A80A-BAA35EA571C7}.Release|Any CPU.Build.0 = Release|Any CPU
		{72E4CE33-F442-43E8-926A-DC1CDECD3A1E}.Debug|Any CPU.ActiveCfg = Debug|Any CPU
		{72E4CE33-F442-43E8-926A-DC1CDECD3A1E}.Debug|Any CPU.Build.0 = Debug|Any CPU
		{72E4CE33-F442-43E8-926A-DC1CDECD3A1E}.Release|Any CPU.ActiveCfg = Release|Any CPU
		{72E4CE33-F442-43E8-926A-DC1CDECD3A1E}.Release|Any CPU.Build.0 = Release|Any CPU
		{9B21F1DC-58BB-46D5-B8A1-A911A9B34EEC}.Debug|Any CPU.ActiveCfg = Debug|Any CPU
		{9B21F1DC-58BB-46D5-B8A1-A911A9B34EEC}.Debug|Any CPU.Build.0 = Debug|Any CPU
		{9B21F1DC-58BB-46D5-B8A1-A911A9B34EEC}.Release|Any CPU.ActiveCfg = Release|Any CPU
		{9B21F1DC-58BB-46D5-B8A1-A911A9B34EEC}.Release|Any CPU.Build.0 = Release|Any CPU
		{50BA3AD8-B5D2-45BE-BA7C-CE7852C5BD0C}.Debug|Any CPU.ActiveCfg = Debug|Any CPU
		{50BA3AD8-B5D2-45BE-BA7C-CE7852C5BD0C}.Debug|Any CPU.Build.0 = Debug|Any CPU
		{50BA3AD8-B5D2-45BE-BA7C-CE7852C5BD0C}.Release|Any CPU.ActiveCfg = Release|Any CPU
		{50BA3AD8-B5D2-45BE-BA7C-CE7852C5BD0C}.Release|Any CPU.Build.0 = Release|Any CPU
		{0878D609-3C4A-49B0-A9C2-DC5F23D1F7C3}.Debug|Any CPU.ActiveCfg = Debug|Any CPU
		{0878D609-3C4A-49B0-A9C2-DC5F23D1F7C3}.Debug|Any CPU.Build.0 = Debug|Any CPU
		{0878D609-3C4A-49B0-A9C2-DC5F23D1F7C3}.Release|Any CPU.ActiveCfg = Release|Any CPU
		{0878D609-3C4A-49B0-A9C2-DC5F23D1F7C3}.Release|Any CPU.Build.0 = Release|Any CPU
		{43D6642D-6593-4D37-B27F-04B621A82C40}.Debug|Any CPU.ActiveCfg = Debug|Any CPU
		{43D6642D-6593-4D37-B27F-04B621A82C40}.Debug|Any CPU.Build.0 = Debug|Any CPU
		{43D6642D-6593-4D37-B27F-04B621A82C40}.Release|Any CPU.ActiveCfg = Release|Any CPU
		{43D6642D-6593-4D37-B27F-04B621A82C40}.Release|Any CPU.Build.0 = Release|Any CPU
		{D5537822-9E48-4DD0-B849-B9586EC1602D}.Debug|Any CPU.ActiveCfg = Debug|Any CPU
		{D5537822-9E48-4DD0-B849-B9586EC1602D}.Debug|Any CPU.Build.0 = Debug|Any CPU
		{D5537822-9E48-4DD0-B849-B9586EC1602D}.Release|Any CPU.ActiveCfg = Release|Any CPU
		{D5537822-9E48-4DD0-B849-B9586EC1602D}.Release|Any CPU.Build.0 = Release|Any CPU
	EndGlobalSection
	GlobalSection(SolutionProperties) = preSolution
		HideSolutionNode = FALSE
	EndGlobalSection
	GlobalSection(ExtensibilityGlobals) = postSolution
		SolutionGuid = {86D56933-129C-4AC9-B408-EE7257A510E3}
	EndGlobalSection
EndGlobal
